
Microsoft Visual Studio Solution File, Format Version 12.00
# Visual Studio Version 16
VisualStudioVersion = 16.0.33027.164
MinimumVisualStudioVersion = 10.0.40219.1
Project("{FAE04EC0-301F-11D3-BF4B-00C04F79EFBC}") = "FiniteStateMachine", "FiniteStateMachine\FiniteStateMachine.csproj", "{98D7F9D4-4624-4ECE-8A79-F2867FFBA732}"
EndProject
Global
	GlobalSection(SolutionConfigurationPlatforms) = preSolution
		Debug|Any CPU = Debug|Any CPU
		Release|Any CPU = Release|Any CPU
	EndGlobalSection
	GlobalSection(ProjectConfigurationPlatforms) = postSolution
		{98D7F9D4-4624-4ECE-8A79-F2867FFBA732}.Debug|Any CPU.ActiveCfg = Debug|Any CPU
		{98D7F9D4-4624-4ECE-8A79-F2867FFBA732}.Debug|Any CPU.Build.0 = Debug|Any CPU
		{98D7F9D4-4624-4ECE-8A79-F2867FFBA732}.Release|Any CPU.ActiveCfg = Release|Any CPU
		{98D7F9D4-4624-4ECE-8A79-F2867FFBA732}.Release|Any CPU.Build.0 = Release|Any CPU
	EndGlobalSection
	GlobalSection(SolutionProperties) = preSolution
		HideSolutionNode = FALSE
	EndGlobalSection
	GlobalSection(ExtensibilityGlobals) = postSolution
		SolutionGuid = {F7C68342-981A-4DF2-BE43-89E3923D8B3D}
	EndGlobalSection
EndGlobal
